Microsoft Visual Studio Solution File, Format Version 8.00
Project("{FAE04EC0-301F-11D3-BF4B-00C04F79EFBC}") = "OntoSemBrowser", "OntoSemBrowser\OntoSemBrowser.csproj", "{AE6FA7B7-EF86-461D-B905-E879AABE3621}"
	ProjectSection(ProjectDependencies) = postProject
	EndProjectSection
EndProject
Global
	GlobalSection(SolutionConfiguration) = preSolution
		Debug = Debug
		Release = Release
	EndGlobalSection
	GlobalSection(ProjectConfiguration) = postSolution
		{AE6FA7B7-EF86-461D-B905-E879AABE3621}.Debug.ActiveCfg = Debug|.NET
		{AE6FA7B7-EF86-461D-B905-E879AABE3621}.Debug.Build.0 = Debug|.NET
		{AE6FA7B7-EF86-461D-B905-E879AABE3621}.Release.ActiveCfg = Release|.NET
		{AE6FA7B7-EF86-461D-B905-E879AABE3621}.Release.Build.0 = Release|.NET
	EndGlobalSection
	GlobalSection(ExtensibilityGlobals) = postSolution
	EndGlobalSection
	GlobalSection(ExtensibilityAddIns) = postSolution
	EndGlobalSection
EndGlobal
